PODS:
  - Alamofire (5.4.4)
  - ProgressHUD (13.6)
  - Realm (10.18.0):
    - Realm/Headers (= 10.18.0)
  - Realm/Headers (10.18.0)
  - RealmSwift (10.18.0):
    - Realm (= 10.18.0)

DEPENDENCIES:
  - Alamofire (~> 5.4)
  - ProgressHUD
  - RealmSwift

SPEC REPOS:
  trunk:
    - Alamofire
    - ProgressHUD
    - Realm
    - RealmSwift

SPEC CHECKSUMS:
  Alamofire: f3b09a368f1582ab751b3fff5460276e0d2cf5c9
  ProgressHUD: 4bdaa0d2ddf676b23324b199f9facffb5c3a1620
  Realm: b8b0a36bf48c39c50fd8cee7ac34005e6d887ddd
  RealmSwift: fe2f33d731f47aaf4c3618930f9f7cf7b935c33f

PODFILE CHECKSUM: 71511f8c56da8892a10b5c6f6c0f9ffab8a6f724

COCOAPODS: 1.11.2
